
Microsoft Visual Studio Solution File, Format Version 12.00
# Visual Studio 14
VisualStudioVersion = 14.0.23107.0
MinimumVisualStudioVersion = 10.0.40219.1
Project("{FAE04EC0-301F-11D3-BF4B-00C04F79EFBC}") = "OcrUI", "Ocr\OcrUI.csproj", "{4C5AC4A7-9C16-4898-8DB6-68825BE18EF0}"
EndProject
Project("{FAE04EC0-301F-11D3-BF4B-00C04F79EFBC}") = "OcrEngineICD", "OcrCommon\OcrEngineICD.csproj", "{A15CF648-782A-4AF0-B232-5486CEE1C4EF}"
EndProject
Project("{FAE04EC0-301F-11D3-BF4B-00C04F79EFBC}") = "ModiWrapper", "ModiWrapper\ModiWrapper.csproj", "{2FA3734B-13C9-4299-B956-C98F346AADFD}"
EndProject
Project("{FAE04EC0-301F-11D3-BF4B-00C04F79EFBC}") = "TesseractWrapper", "TesseractWrapper\TesseractWrapper.csproj", "{EDA31C60-F44E-40B3-90E1-1D3EE6C9CF63}"
EndProject
Project("{FAE04EC0-301F-11D3-BF4B-00C04F79EFBC}") = "OcrEngineHandler", "EngineHandler\OcrEngineHandler.csproj", "{F8AD62B9-D666-43B0-B215-95D41C8538F2}"
EndProject
Project("{FAE04EC0-301F-11D3-BF4B-00C04F79EFBC}") = "Asprise", "Asprise\Asprise.csproj", "{9E7CBDD8-3199-46E1-AEC2-9B1876315F72}"
EndProject
Global
	GlobalSection(SolutionConfigurationPlatforms) = preSolution
		Debug|Any CPU = Debug|Any CPU
		Release|Any CPU = Release|Any CPU
	EndGlobalSection
	GlobalSection(ProjectConfigurationPlatforms) = postSolution
		{4C5AC4A7-9C16-4898-8DB6-68825BE18EF0}.Debug|Any CPU.ActiveCfg = Debug|Any CPU
		{4C5AC4A7-9C16-4898-8DB6-68825BE18EF0}.Debug|Any CPU.Build.0 = Debug|Any CPU
		{4C5AC4A7-9C16-4898-8DB6-68825BE18EF0}.Release|Any CPU.ActiveCfg = Release|Any CPU
		{4C5AC4A7-9C16-4898-8DB6-68825BE18EF0}.Release|Any CPU.Build.0 = Release|Any CPU
		{A15CF648-782A-4AF0-B232-5486CEE1C4EF}.Debug|Any CPU.ActiveCfg = Debug|Any CPU
		{A15CF648-782A-4AF0-B232-5486CEE1C4EF}.Debug|Any CPU.Build.0 = Debug|Any CPU
		{A15CF648-782A-4AF0-B232-5486CEE1C4EF}.Release|Any CPU.ActiveCfg = Release|Any CPU
		{A15CF648-782A-4AF0-B232-5486CEE1C4EF}.Release|Any CPU.Build.0 = Release|Any CPU
		{2FA3734B-13C9-4299-B956-C98F346AADFD}.Debug|Any CPU.ActiveCfg = Debug|Any CPU
		{2FA3734B-13C9-4299-B956-C98F346AADFD}.Release|Any CPU.ActiveCfg = Release|Any CPU
		{2FA3734B-13C9-4299-B956-C98F346AADFD}.Release|Any CPU.Build.0 = Release|Any CPU
		{EDA31C60-F44E-40B3-90E1-1D3EE6C9CF63}.Debug|Any CPU.ActiveCfg = Debug|Any CPU
		{EDA31C60-F44E-40B3-90E1-1D3EE6C9CF63}.Release|Any CPU.ActiveCfg = Release|Any CPU
		{EDA31C60-F44E-40B3-90E1-1D3EE6C9CF63}.Release|Any CPU.Build.0 = Release|Any CPU
		{F8AD62B9-D666-43B0-B215-95D41C8538F2}.Debug|Any CPU.ActiveCfg = Debug|Any CPU
		{F8AD62B9-D666-43B0-B215-95D41C8538F2}.Debug|Any CPU.Build.0 = Debug|Any CPU
		{F8AD62B9-D666-43B0-B215-95D41C8538F2}.Release|Any CPU.ActiveCfg = Release|Any CPU
		{F8AD62B9-D666-43B0-B215-95D41C8538F2}.Release|Any CPU.Build.0 = Release|Any CPU
		{9E7CBDD8-3199-46E1-AEC2-9B1876315F72}.Debug|Any CPU.ActiveCfg = Debug|Any CPU
		{9E7CBDD8-3199-46E1-AEC2-9B1876315F72}.Debug|Any CPU.Build.0 = Debug|Any CPU
		{9E7CBDD8-3199-46E1-AEC2-9B1876315F72}.Release|Any CPU.ActiveCfg = Release|Any CPU
		{9E7CBDD8-3199-46E1-AEC2-9B1876315F72}.Release|Any CPU.Build.0 = Release|Any CPU
	EndGlobalSection
	GlobalSection(SolutionProperties) = preSolution
		HideSolutionNode = FALSE
	EndGlobalSection
EndGlobal
